
Microsoft Visual Studio Solution File, Format Version 12.00
# Visual Studio Version 17
VisualStudioVersion = 17.13.35825.156 d17.13
MinimumVisualStudioVersion = 10.0.40219.1
Project("{FAE04EC0-301F-11D3-BF4B-00C04F79EFBC}") = "DENEMEAPI", "DENEMEAPI\DENEMEAPI.csproj", "{BFEDF0A6-6403-D1F2-6787-1B2735E88356}"
EndProject
Project("{FAE04EC0-301F-11D3-BF4B-00C04F79EFBC}") = "DENEMEAPI.AppHost", "DENEMEAPI.AppHost\DENEMEAPI.AppHost.csproj", "{1D786D53-C9F2-4B1E-B1D7-D3D16733E214}"
EndProject
Project("{FAE04EC0-301F-11D3-BF4B-00C04F79EFBC}") = "DENEMEAPI.ServiceDefaults", "DENEMEAPI.ServiceDefaults\DENEMEAPI.ServiceDefaults.csproj", "{5FBC5ECB-5C35-0478-8CA3-4D9D91C050D8}"
EndProject
Global
	GlobalSection(SolutionConfigurationPlatforms) = preSolution
		Debug|Any CPU = Debug|Any CPU
		Release|Any CPU = Release|Any CPU
	EndGlobalSection
	GlobalSection(ProjectConfigurationPlatforms) = postSolution
		{BFEDF0A6-6403-D1F2-6787-1B2735E88356}.Debug|Any CPU.ActiveCfg = Debug|Any CPU
		{BFEDF0A6-6403-D1F2-6787-1B2735E88356}.Debug|Any CPU.Build.0 = Debug|Any CPU
		{BFEDF0A6-6403-D1F2-6787-1B2735E88356}.Release|Any CPU.ActiveCfg = Release|Any CPU
		{BFEDF0A6-6403-D1F2-6787-1B2735E88356}.Release|Any CPU.Build.0 = Release|Any CPU
		{1D786D53-C9F2-4B1E-B1D7-D3D16733E214}.Debug|Any CPU.ActiveCfg = Debug|Any CPU
		{1D786D53-C9F2-4B1E-B1D7-D3D16733E214}.Debug|Any CPU.Build.0 = Debug|Any CPU
		{1D786D53-C9F2-4B1E-B1D7-D3D16733E214}.Release|Any CPU.ActiveCfg = Release|Any CPU
		{1D786D53-C9F2-4B1E-B1D7-D3D16733E214}.Release|Any CPU.Build.0 = Release|Any CPU
		{5FBC5ECB-5C35-0478-8CA3-4D9D91C050D8}.Debug|Any CPU.ActiveCfg = Debug|Any CPU
		{5FBC5ECB-5C35-0478-8CA3-4D9D91C050D8}.Debug|Any CPU.Build.0 = Debug|Any CPU
		{5FBC5ECB-5C35-0478-8CA3-4D9D91C050D8}.Release|Any CPU.ActiveCfg = Release|Any CPU
		{5FBC5ECB-5C35-0478-8CA3-4D9D91C050D8}.Release|Any CPU.Build.0 = Release|Any CPU
	EndGlobalSection
	GlobalSection(SolutionProperties) = preSolution
		HideSolutionNode = FALSE
	EndGlobalSection
	GlobalSection(ExtensibilityGlobals) = postSolution
		SolutionGuid = {A936C227-114A-47F3-8B77-9C3351CC16C7}
	EndGlobalSection
EndGlobal
